
Microsoft Visual Studio Solution File, Format Version 12.00
# Visual Studio Version 16
VisualStudioVersion = 16.0.30114.105
MinimumVisualStudioVersion = 10.0.40219.1
Project("{FAE04EC0-301F-11D3-BF4B-00C04F79EFBC}") = "API", "API\API.csproj", "{22CAD257-254E-4464-8DE5-728211F58B88}"
EndProject
Project("{FAE04EC0-301F-11D3-BF4B-00C04F79EFBC}") = "core", "Core\core.csproj", "{B039AEA9-90DC-4F0C-A748-FA6C82851D2B}"
EndProject
Project("{FAE04EC0-301F-11D3-BF4B-00C04F79EFBC}") = "Infrastructure", "Infrastructure\Infrastructure.csproj", "{74161BEE-A223-406F-AFF9-723AC46B650A}"
EndProject
Global
	GlobalSection(SolutionConfigurationPlatforms) = preSolution
		Debug|Any CPU = Debug|Any CPU
		Debug|x64 = Debug|x64
		Debug|x86 = Debug|x86
		Release|Any CPU = Release|Any CPU
		Release|x64 = Release|x64
		Release|x86 = Release|x86
	EndGlobalSection
	GlobalSection(SolutionProperties) = preSolution
		HideSolutionNode = FALSE
	EndGlobalSection
	GlobalSection(ProjectConfigurationPlatforms) = postSolution
		{22CAD257-254E-4464-8DE5-728211F58B88}.Debug|Any CPU.ActiveCfg = Debug|Any CPU
		{22CAD257-254E-4464-8DE5-728211F58B88}.Debug|Any CPU.Build.0 = Debug|Any CPU
		{22CAD257-254E-4464-8DE5-728211F58B88}.Debug|x64.ActiveCfg = Debug|Any CPU
		{22CAD257-254E-4464-8DE5-728211F58B88}.Debug|x64.Build.0 = Debug|Any CPU
		{22CAD257-254E-4464-8DE5-728211F58B88}.Debug|x86.ActiveCfg = Debug|Any CPU
		{22CAD257-254E-4464-8DE5-728211F58B88}.Debug|x86.Build.0 = Debug|Any CPU
		{22CAD257-254E-4464-8DE5-728211F58B88}.Release|Any CPU.ActiveCfg = Release|Any CPU
		{22CAD257-254E-4464-8DE5-728211F58B88}.Release|Any CPU.Build.0 = Release|Any CPU
		{22CAD257-254E-4464-8DE5-728211F58B88}.Release|x64.ActiveCfg = Release|Any CPU
		{22CAD257-254E-4464-8DE5-728211F58B88}.Release|x64.Build.0 = Release|Any CPU
		{22CAD257-254E-4464-8DE5-728211F58B88}.Release|x86.ActiveCfg = Release|Any CPU
		{22CAD257-254E-4464-8DE5-728211F58B88}.Release|x86.Build.0 = Release|Any CPU
		{B039AEA9-90DC-4F0C-A748-FA6C82851D2B}.Debug|Any CPU.ActiveCfg = Debug|Any CPU
		{B039AEA9-90DC-4F0C-A748-FA6C82851D2B}.Debug|Any CPU.Build.0 = Debug|Any CPU
		{B039AEA9-90DC-4F0C-A748-FA6C82851D2B}.Debug|x64.ActiveCfg = Debug|Any CPU
		{B039AEA9-90DC-4F0C-A748-FA6C82851D2B}.Debug|x64.Build.0 = Debug|Any CPU
		{B039AEA9-90DC-4F0C-A748-FA6C82851D2B}.Debug|x86.ActiveCfg = Debug|Any CPU
		{B039AEA9-90DC-4F0C-A748-FA6C82851D2B}.Debug|x86.Build.0 = Debug|Any CPU
		{B039AEA9-90DC-4F0C-A748-FA6C82851D2B}.Release|Any CPU.ActiveCfg = Release|Any CPU
		{B039AEA9-90DC-4F0C-A748-FA6C82851D2B}.Release|Any CPU.Build.0 = Release|Any CPU
		{B039AEA9-90DC-4F0C-A748-FA6C82851D2B}.Release|x64.ActiveCfg = Release|Any CPU
		{B039AEA9-90DC-4F0C-A748-FA6C82851D2B}.Release|x64.Build.0 = Release|Any CPU
		{B039AEA9-90DC-4F0C-A748-FA6C82851D2B}.Release|x86.ActiveCfg = Release|Any CPU
		{B039AEA9-90DC-4F0C-A748-FA6C82851D2B}.Release|x86.Build.0 = Release|Any CPU
		{74161BEE-A223-406F-AFF9-723AC46B650A}.Debug|Any CPU.ActiveCfg = Debug|Any CPU
		{74161BEE-A223-406F-AFF9-723AC46B650A}.Debug|Any CPU.Build.0 = Debug|Any CPU
		{74161BEE-A223-406F-AFF9-723AC46B650A}.Debug|x64.ActiveCfg = Debug|Any CPU
		{74161BEE-A223-406F-AFF9-723AC46B650A}.Debug|x64.Build.0 = Debug|Any CPU
		{74161BEE-A223-406F-AFF9-723AC46B650A}.Debug|x86.ActiveCfg = Debug|Any CPU
		{74161BEE-A223-406F-AFF9-723AC46B650A}.Debug|x86.Build.0 = Debug|Any CPU
		{74161BEE-A223-406F-AFF9-723AC46B650A}.Release|Any CPU.ActiveCfg = Release|Any CPU
		{74161BEE-A223-406F-AFF9-723AC46B650A}.Release|Any CPU.Build.0 = Release|Any CPU
		{74161BEE-A223-406F-AFF9-723AC46B650A}.Release|x64.ActiveCfg = Release|Any CPU
		{74161BEE-A223-406F-AFF9-723AC46B650A}.Release|x64.Build.0 = Release|Any CPU
		{74161BEE-A223-406F-AFF9-723AC46B650A}.Release|x86.ActiveCfg = Release|Any CPU
		{74161BEE-A223-406F-AFF9-723AC46B650A}.Release|x86.Build.0 = Release|Any CPU
	EndGlobalSection
EndGlobal
